
Microsoft Visual Studio Solution File, Format Version 12.00
# Visual Studio Version 17
VisualStudioVersion = 17.9.34616.47
MinimumVisualStudioVersion = 10.0.40219.1
Project("{FAE04EC0-301F-11D3-BF4B-00C04F79EFBC}") = "StaticClass", "StaticClass\StaticClass.csproj", "{2B1DA6E8-236E-4B97-9941-FB6390A56FCC}"
EndProject
Global
	GlobalSection(SolutionConfigurationPlatforms) = preSolution
		Debug|Any CPU = Debug|Any CPU
		Release|Any CPU = Release|Any CPU
	EndGlobalSection
	GlobalSection(ProjectConfigurationPlatforms) = postSolution
		{2B1DA6E8-236E-4B97-9941-FB6390A56FCC}.Debug|Any CPU.ActiveCfg = Debug|Any CPU
		{2B1DA6E8-236E-4B97-9941-FB6390A56FCC}.Debug|Any CPU.Build.0 = Debug|Any CPU
		{2B1DA6E8-236E-4B97-9941-FB6390A56FCC}.Release|Any CPU.ActiveCfg = Release|Any CPU
		{2B1DA6E8-236E-4B97-9941-FB6390A56FCC}.Release|Any CPU.Build.0 = Release|Any CPU
	EndGlobalSection
	GlobalSection(SolutionProperties) = preSolution
		HideSolutionNode = FALSE
	EndGlobalSection
	GlobalSection(ExtensibilityGlobals) = postSolution
		SolutionGuid = {A2607F40-E159-44B5-A97A-FBCB46491F56}
	EndGlobalSection
EndGlobal
